// !$*UTF8*$!
{
	archiveVersion = 1;
	classes = {
	};
	objectVersion = 56;
	objects = {

/* Begin PBXBuildFile section */
		FA19F45C2AF1AEE600BA0952 /* AppDelegate.swift in Sources */ = {isa = PBXBuildFile; fileRef = FA19F45B2AF1AEE600BA0952 /* AppDelegate.swift */; };
		FA19F45E2AF1AEE600BA0952 /* SceneDelegate.swift in Sources */ = {isa = PBXBuildFile; fileRef = FA19F45D2AF1AEE600BA0952 /* SceneDelegate.swift */; };
		FA19F4652AF1AEE900BA0952 /* Assets.xcassets in Resources */ = {isa = PBXBuildFile; fileRef = FA19F4642AF1AEE900BA0952 /* Assets.xcassets */; };
		FA19F4682AF1AEE900BA0952 /* LaunchScreen.storyboard in Resources */ = {isa = PBXBuildFile; fileRef = FA19F4662AF1AEE900BA0952 /* LaunchScreen.storyboard */; };
		FA19F4712AF1B25E00BA0952 /* HomeViewController.swift in Sources */ = {isa = PBXBuildFile; fileRef = FA19F4702AF1B25E00BA0952 /* HomeViewController.swift */; };
		FA19F4732AF1B64300BA0952 /* CategoryThumbnailCell.swift in Sources */ = {isa = PBXBuildFile; fileRef = FA19F4722AF1B64300BA0952 /* CategoryThumbnailCell.swift */; };
		FA19F4772AF2483100BA0952 /* HeaderView.swift in Sources */ = {isa = PBXBuildFile; fileRef = FA19F4762AF2483100BA0952 /* HeaderView.swift */; };
		FA19F47A2AF27B7D00BA0952 /* DesignSystem.swift in Sources */ = {isa = PBXBuildFile; fileRef = FA19F4792AF27B7D00BA0952 /* DesignSystem.swift */; };
		FA19F4942AF27FE900BA0952 /* Poppins-Light.ttf in Resources */ = {isa = PBXBuildFile; fileRef = FA19F4812AF27FE900BA0952 /* Poppins-Light.ttf */; };
		FA19F49A2AF27FE900BA0952 /* OFL.txt in Resources */ = {isa = PBXBuildFile; fileRef = FA19F4872AF27FE900BA0952 /* OFL.txt */; };
		FA19F49B2AF27FE900BA0952 /* Poppins-Regular.ttf in Resources */ = {isa = PBXBuildFile; fileRef = FA19F4882AF27FE900BA0952 /* Poppins-Regular.ttf */; };
		FA19F49D2AF27FE900BA0952 /* Poppins-Bold.ttf in Resources */ = {isa = PBXBuildFile; fileRef = FA19F48A2AF27FE900BA0952 /* Poppins-Bold.ttf */; };
		FA19F4A52AF28C5C00BA0952 /* ProductCell.swift in Sources */ = {isa = PBXBuildFile; fileRef = FA19F4A42AF28C5C00BA0952 /* ProductCell.swift */; };
		FA19F4A82AF2B26100BA0952 /* TopCategoriesSection.swift in Sources */ = {isa = PBXBuildFile; fileRef = FA19F4A72AF2B26100BA0952 /* TopCategoriesSection.swift */; };
		FA19F4AA2AF2B63A00BA0952 /* SliderLayoutSection.swift in Sources */ = {isa = PBXBuildFile; fileRef = FA19F4A92AF2B63A00BA0952 /* SliderLayoutSection.swift */; };
		FA19F4AC2AF2B6DA00BA0952 /* ProductLayoutSection.swift in Sources */ = {isa = PBXBuildFile; fileRef = FA19F4AB2AF2B6DA00BA0952 /* ProductLayoutSection.swift */; };
		FA19F4AE2AF34D8900BA0952 /* HomeViewModel.swift in Sources */ = {isa = PBXBuildFile; fileRef = FA19F4AD2AF34D8900BA0952 /* HomeViewModel.swift */; };
		FA19F4B32AF34ED100BA0952 /* NetworkService.swift in Sources */ = {isa = PBXBuildFile; fileRef = FA19F4B02AF34ED100BA0952 /* NetworkService.swift */; };
		FA19F4B42AF34ED100BA0952 /* EndpointProtocol.swift in Sources */ = {isa = PBXBuildFile; fileRef = FA19F4B12AF34ED100BA0952 /* EndpointProtocol.swift */; };
		FA19F4B52AF34ED100BA0952 /* APIError.swift in Sources */ = {isa = PBXBuildFile; fileRef = FA19F4B22AF34ED100BA0952 /* APIError.swift */; };
		FA19F4B82AF351BD00BA0952 /* GetHomeEndPoint.swift in Sources */ = {isa = PBXBuildFile; fileRef = FA19F4B72AF351BD00BA0952 /* GetHomeEndPoint.swift */; };
		FA19F4BB2AF3520800BA0952 /* HomeModel.swift in Sources */ = {isa = PBXBuildFile; fileRef = FA19F4BA2AF3520800BA0952 /* HomeModel.swift */; };
		FA19F4BD2AF3543000BA0952 /* HomeResponseModel.swift in Sources */ = {isa = PBXBuildFile; fileRef = FA19F4BC2AF3543000BA0952 /* HomeResponseModel.swift */; };
		FA19F4BF2AF3559B00BA0952 /* TokensAndKeys.swift in Sources */ = {isa = PBXBuildFile; fileRef = FA19F4BE2AF3559B00BA0952 /* TokensAndKeys.swift */; };
		FA19F4C22AF35F0D00BA0952 /* ViewModelState.swift in Sources */ = {isa = PBXBuildFile; fileRef = FA19F4C12AF35F0D00BA0952 /* ViewModelState.swift */; };
		FA19F4C52AF361AB00BA0952 /* FailableProtocol.swift in Sources */ = {isa = PBXBuildFile; fileRef = FA19F4C42AF361AB00BA0952 /* FailableProtocol.swift */; };
		FA19F4C72AF363BE00BA0952 /* LoadableProtocol.swift in Sources */ = {isa = PBXBuildFile; fileRef = FA19F4C62AF363BE00BA0952 /* LoadableProtocol.swift */; };
		FA19F4CA2AF3643D00BA0952 /* SpinnerViewController.swift in Sources */ = {isa = PBXBuildFile; fileRef = FA19F4C92AF3643C00BA0952 /* SpinnerViewController.swift */; };
		FA19F4CD2AF376E900BA0952 /* Kingfisher in Frameworks */ = {isa = PBXBuildFile; productRef = FA19F4CC2AF376E900BA0952 /* Kingfisher */; };
		FA19F4D02AF38E7700BA0952 /* StringExtension.swift in Sources */ = {isa = PBXBuildFile; fileRef = FA19F4CF2AF38E7600BA0952 /* StringExtension.swift */; };
		FA19F4D22AF3917600BA0952 /* SliderCell.swift in Sources */ = {isa = PBXBuildFile; fileRef = FA19F4D12AF3917600BA0952 /* SliderCell.swift */; };
		FA19F4D42AF3935300BA0952 /* AdsCell.swift in Sources */ = {isa = PBXBuildFile; fileRef = FA19F4D32AF3935300BA0952 /* AdsCell.swift */; };
		FA19F4D62AF393BD00BA0952 /* AdsLayoutSection.swift in Sources */ = {isa = PBXBuildFile; fileRef = FA19F4D52AF393BD00BA0952 /* AdsLayoutSection.swift */; };
		FA19F4D82AF3973100BA0952 /* ProductsHeaderView.swift in Sources */ = {isa = PBXBuildFile; fileRef = FA19F4D72AF3973100BA0952 /* ProductsHeaderView.swift */; };
/* End PBXBuildFile section */

/* Begin PBXFileReference section */
		FA19F4582AF1AEE600BA0952 /* 7CApp.app */ = {isa = PBXFileReference; explicitFileType = wrapper.application; includeInIndex = 0; path = 7CApp.app; sourceTree = BUILT_PRODUCTS_DIR; };
		FA19F45B2AF1AEE600BA0952 /* AppDelegate.swift */ = {isa = PBXFileReference; lastKnownFileType = sourcecode.swift; path = AppDelegate.swift; sourceTree = "<group>"; };
		FA19F45D2AF1AEE600BA0952 /* SceneDelegate.swift */ = {isa = PBXFileReference; lastKnownFileType = sourcecode.swift; path = SceneDelegate.swift; sourceTree = "<group>"; };
		FA19F4642AF1AEE900BA0952 /* Assets.xcassets */ = {isa = PBXFileReference; lastKnownFileType = folder.assetcatalog; path = Assets.xcassets; sourceTree = "<group>"; };
		FA19F4672AF1AEE900BA0952 /* Base */ = {isa = PBXFileReference; lastKnownFileType = file.storyboard; name = Base; path = Base.lproj/LaunchScreen.storyboard; sourceTree = "<group>"; };
		FA19F4692AF1AEE900BA0952 /* Info.plist */ = {isa = PBXFileReference; lastKnownFileType = text.plist.xml; path = Info.plist; sourceTree = "<group>"; };
		FA19F4702AF1B25E00BA0952 /* HomeViewController.swift */ = {isa = PBXFileReference; lastKnownFileType = sourcecode.swift; path = HomeViewController.swift; sourceTree = "<group>"; };
		FA19F4722AF1B64300BA0952 /* CategoryThumbnailCell.swift */ = {isa = PBXFileReference; lastKnownFileType = sourcecode.swift; path = CategoryThumbnailCell.swift; sourceTree = "<group>"; };
		FA19F4762AF2483100BA0952 /* HeaderView.swift */ = {isa = PBXFileReference; lastKnownFileType = sourcecode.swift; path = HeaderView.swift; sourceTree = "<group>"; };
		FA19F4792AF27B7D00BA0952 /* DesignSystem.swift */ = {isa = PBXFileReference; lastKnownFileType = sourcecode.swift; path = DesignSystem.swift; sourceTree = "<group>"; };
		FA19F4812AF27FE900BA0952 /* Poppins-Light.ttf */ = {isa = PBXFileReference; lastKnownFileType = file; path = "Poppins-Light.ttf"; sourceTree = "<group>"; };
		FA19F4872AF27FE900BA0952 /* OFL.txt */ = {isa = PBXFileReference; fileEncoding = 4; lastKnownFileType = text; path = OFL.txt; sourceTree = "<group>"; };
		FA19F4882AF27FE900BA0952 /* Poppins-Regular.ttf */ = {isa = PBXFileReference; lastKnownFileType = file; path = "Poppins-Regular.ttf"; sourceTree = "<group>"; };
		FA19F48A2AF27FE900BA0952 /* Poppins-Bold.ttf */ = {isa = PBXFileReference; lastKnownFileType = file; path = "Poppins-Bold.ttf"; sourceTree = "<group>"; };
		FA19F4A42AF28C5C00BA0952 /* ProductCell.swift */ = {isa = PBXFileReference; lastKnownFileType = sourcecode.swift; path = ProductCell.swift; sourceTree = "<group>"; };
		FA19F4A72AF2B26100BA0952 /* TopCategoriesSection.swift */ = {isa = PBXFileReference; lastKnownFileType = sourcecode.swift; path = TopCategoriesSection.swift; sourceTree = "<group>"; };
		FA19F4A92AF2B63A00BA0952 /* SliderLayoutSection.swift */ = {isa = PBXFileReference; lastKnownFileType = sourcecode.swift; path = SliderLayoutSection.swift; sourceTree = "<group>"; };
		FA19F4AB2AF2B6DA00BA0952 /* ProductLayoutSection.swift */ = {isa = PBXFileReference; lastKnownFileType = sourcecode.swift; path = ProductLayoutSection.swift; sourceTree = "<group>"; };
		FA19F4AD2AF34D8900BA0952 /* HomeViewModel.swift */ = {isa = PBXFileReference; lastKnownFileType = sourcecode.swift; path = HomeViewModel.swift; sourceTree = "<group>"; };
		FA19F4B02AF34ED100BA0952 /* NetworkService.swift */ = {isa = PBXFileReference; fileEncoding = 4; lastKnownFileType = sourcecode.swift; path = NetworkService.swift; sourceTree = "<group>"; };
		FA19F4B12AF34ED100BA0952 /* EndpointProtocol.swift */ = {isa = PBXFileReference; fileEncoding = 4; lastKnownFileType = sourcecode.swift; path = EndpointProtocol.swift; sourceTree = "<group>"; };
		FA19F4B22AF34ED100BA0952 /* APIError.swift */ = {isa = PBXFileReference; fileEncoding = 4; lastKnownFileType = sourcecode.swift; path = APIError.swift; sourceTree = "<group>"; };
		FA19F4B72AF351BD00BA0952 /* GetHomeEndPoint.swift */ = {isa = PBXFileReference; lastKnownFileType = sourcecode.swift; path = GetHomeEndPoint.swift; sourceTree = "<group>"; };
		FA19F4BA2AF3520800BA0952 /* HomeModel.swift */ = {isa = PBXFileReference; lastKnownFileType = sourcecode.swift; path = HomeModel.swift; sourceTree = "<group>"; };
		FA19F4BC2AF3543000BA0952 /* HomeResponseModel.swift */ = {isa = PBXFileReference; lastKnownFileType = sourcecode.swift; path = HomeResponseModel.swift; sourceTree = "<group>"; };
		FA19F4BE2AF3559B00BA0952 /* TokensAndKeys.swift */ = {isa = PBXFileReference; lastKnownFileType = sourcecode.swift; path = TokensAndKeys.swift; sourceTree = "<group>"; };
		FA19F4C12AF35F0D00BA0952 /* ViewModelState.swift */ = {isa = PBXFileReference; lastKnownFileType = sourcecode.swift; path = ViewModelState.swift; sourceTree = "<group>"; };
		FA19F4C42AF361AB00BA0952 /* FailableProtocol.swift */ = {isa = PBXFileReference; lastKnownFileType = sourcecode.swift; path = FailableProtocol.swift; sourceTree = "<group>"; };
		FA19F4C62AF363BE00BA0952 /* LoadableProtocol.swift */ = {isa = PBXFileReference; lastKnownFileType = sourcecode.swift; path = LoadableProtocol.swift; sourceTree = "<group>"; };
		FA19F4C92AF3643C00BA0952 /* SpinnerViewController.swift */ = {isa = PBXFileReference; lastKnownFileType = sourcecode.swift; path = SpinnerViewController.swift; sourceTree = "<group>"; };
		FA19F4CF2AF38E7600BA0952 /* StringExtension.swift */ = {isa = PBXFileReference; lastKnownFileType = sourcecode.swift; path = StringExtension.swift; sourceTree = "<group>"; };
		FA19F4D12AF3917600BA0952 /* SliderCell.swift */ = {isa = PBXFileReference; lastKnownFileType = sourcecode.swift; path = SliderCell.swift; sourceTree = "<group>"; };
		FA19F4D32AF3935300BA0952 /* AdsCell.swift */ = {isa = PBXFileReference; lastKnownFileType = sourcecode.swift; path = AdsCell.swift; sourceTree = "<group>"; };
		FA19F4D52AF393BD00BA0952 /* AdsLayoutSection.swift */ = {isa = PBXFileReference; lastKnownFileType = sourcecode.swift; path = AdsLayoutSection.swift; sourceTree = "<group>"; };
		FA19F4D72AF3973100BA0952 /* ProductsHeaderView.swift */ = {isa = PBXFileReference; lastKnownFileType = sourcecode.swift; path = ProductsHeaderView.swift; sourceTree = "<group>"; };
/* End PBXFileReference section */

/* Begin PBXFrameworksBuildPhase section */
		FA19F4552AF1AEE600BA0952 /* Frameworks */ = {
			isa = PBXFrameworksBuildPhase;
			buildActionMask = 2147483647;
			files = (
				FA19F4CD2AF376E900BA0952 /* Kingfisher in Frameworks */,
			);
			runOnlyForDeploymentPostprocessing = 0;
		};
/* End PBXFrameworksBuildPhase section */

/* Begin PBXGroup section */
		FA19F44F2AF1AEE600BA0952 = {
			isa = PBXGroup;
			children = (
				FA19F45A2AF1AEE600BA0952 /* 7CApp */,
				FA19F4592AF1AEE600BA0952 /* Products */,
			);
			sourceTree = "<group>";
		};
		FA19F4592AF1AEE600BA0952 /* Products */ = {
			isa = PBXGroup;
			children = (
				FA19F4582AF1AEE600BA0952 /* 7CApp.app */,
			);
			name = Products;
			sourceTree = "<group>";
		};
		FA19F45A2AF1AEE600BA0952 /* 7CApp */ = {
			isa = PBXGroup;
			children = (
				FA19F4AF2AF34E5A00BA0952 /* Network */,
				FA19F4782AF27B6B00BA0952 /* General */,
				FA19F46F2AF1B24800BA0952 /* Home */,
				FA19F45B2AF1AEE600BA0952 /* AppDelegate.swift */,
				FA19F45D2AF1AEE600BA0952 /* SceneDelegate.swift */,
				FA19F4642AF1AEE900BA0952 /* Assets.xcassets */,
				FA19F4662AF1AEE900BA0952 /* LaunchScreen.storyboard */,
				FA19F4692AF1AEE900BA0952 /* Info.plist */,
			);
			path = 7CApp;
			sourceTree = "<group>";
		};
		FA19F46F2AF1B24800BA0952 /* Home */ = {
			isa = PBXGroup;
			children = (
				FA19F4702AF1B25E00BA0952 /* HomeViewController.swift */,
				FA19F4AD2AF34D8900BA0952 /* HomeViewModel.swift */,
				FA19F4C02AF35AF400BA0952 /* Views */,
				FA19F4B92AF351DF00BA0952 /* Model */,
				FA19F4B62AF351A700BA0952 /* EndPoint */,
			);
			path = Home;
			sourceTree = "<group>";
		};
		FA19F4782AF27B6B00BA0952 /* General */ = {
			isa = PBXGroup;
			children = (
				FA19F4CE2AF38E6700BA0952 /* Extension */,
				FA19F4C82AF3642D00BA0952 /* Views */,
				FA19F4C32AF3619C00BA0952 /* Protocols */,
				FA19F4792AF27B7D00BA0952 /* DesignSystem.swift */,
				FA19F4BE2AF3559B00BA0952 /* TokensAndKeys.swift */,
				FA19F47B2AF27FDD00BA0952 /* Fonts */,
				FA19F4C12AF35F0D00BA0952 /* ViewModelState.swift */,
			);
			path = General;
			sourceTree = "<group>";
		};
		FA19F47B2AF27FDD00BA0952 /* Fonts */ = {
			isa = PBXGroup;
			children = (
				FA19F47C2AF27FE900BA0952 /* Poppins */,
			);
			path = Fonts;
			sourceTree = "<group>";
		};
		FA19F47C2AF27FE900BA0952 /* Poppins */ = {
			isa = PBXGroup;
			children = (
				FA19F4812AF27FE900BA0952 /* Poppins-Light.ttf */,
				FA19F4872AF27FE900BA0952 /* OFL.txt */,
				FA19F4882AF27FE900BA0952 /* Poppins-Regular.ttf */,
				FA19F48A2AF27FE900BA0952 /* Poppins-Bold.ttf */,
			);
			path = Poppins;
			sourceTree = "<group>";
		};
		FA19F4A32AF2858900BA0952 /* Cells */ = {
			isa = PBXGroup;
			children = (
				FA19F4722AF1B64300BA0952 /* CategoryThumbnailCell.swift */,
				FA19F4A42AF28C5C00BA0952 /* ProductCell.swift */,
				FA19F4D12AF3917600BA0952 /* SliderCell.swift */,
				FA19F4D32AF3935300BA0952 /* AdsCell.swift */,
			);
			path = Cells;
			sourceTree = "<group>";
		};
		FA19F4A62AF2B23600BA0952 /* CollectionLayout Sections */ = {
			isa = PBXGroup;
			children = (
				FA19F4A72AF2B26100BA0952 /* TopCategoriesSection.swift */,
				FA19F4A92AF2B63A00BA0952 /* SliderLayoutSection.swift */,
				FA19F4AB2AF2B6DA00BA0952 /* ProductLayoutSection.swift */,
				FA19F4D52AF393BD00BA0952 /* AdsLayoutSection.swift */,
			);
			path = "CollectionLayout Sections";
			sourceTree = "<group>";
		};
		FA19F4AF2AF34E5A00BA0952 /* Network */ = {
			isa = PBXGroup;
			children = (
				FA19F4B22AF34ED100BA0952 /* APIError.swift */,
				FA19F4B12AF34ED100BA0952 /* EndpointProtocol.swift */,
				FA19F4B02AF34ED100BA0952 /* NetworkService.swift */,
			);
			path = Network;
			sourceTree = "<group>";
		};
		FA19F4B62AF351A700BA0952 /* EndPoint */ = {
			isa = PBXGroup;
			children = (
				FA19F4B72AF351BD00BA0952 /* GetHomeEndPoint.swift */,
			);
			path = EndPoint;
			sourceTree = "<group>";
		};
		FA19F4B92AF351DF00BA0952 /* Model */ = {
			isa = PBXGroup;
			children = (
				FA19F4BA2AF3520800BA0952 /* HomeModel.swift */,
				FA19F4BC2AF3543000BA0952 /* HomeResponseModel.swift */,
			);
			path = Model;
			sourceTree = "<group>";
		};
		FA19F4C02AF35AF400BA0952 /* Views */ = {
			isa = PBXGroup;
			children = (
				FA19F4D72AF3973100BA0952 /* ProductsHeaderView.swift */,
				FA19F4762AF2483100BA0952 /* HeaderView.swift */,
				FA19F4A62AF2B23600BA0952 /* CollectionLayout Sections */,
				FA19F4A32AF2858900BA0952 /* Cells */,
			);
			path = Views;
			sourceTree = "<group>";
		};
		FA19F4C32AF3619C00BA0952 /* Protocols */ = {
			isa = PBXGroup;
			children = (
				FA19F4C42AF361AB00BA0952 /* FailableProtocol.swift */,
				FA19F4C62AF363BE00BA0952 /* LoadableProtocol.swift */,
			);
			path = Protocols;
			sourceTree = "<group>";
		};
		FA19F4C82AF3642D00BA0952 /* Views */ = {
			isa = PBXGroup;
			children = (
				FA19F4C92AF3643C00BA0952 /* SpinnerViewController.swift */,
			);
			path = Views;
			sourceTree = "<group>";
		};
		FA19F4CE2AF38E6700BA0952 /* Extension */ = {
			isa = PBXGroup;
			children = (
				FA19F4CF2AF38E7600BA0952 /* StringExtension.swift */,
			);
			path = Extension;
			sourceTree = "<group>";
		};
/* End PBXGroup section */

/* Begin PBXNativeTarget section */
		FA19F4572AF1AEE600BA0952 /* 7CApp */ = {
			isa = PBXNativeTarget;
			buildConfigurationList = FA19F46C2AF1AEE900BA0952 /* Build configuration list for PBXNativeTarget "7CApp" */;
			buildPhases = (
				FA19F4542AF1AEE600BA0952 /* Sources */,
				FA19F4552AF1AEE600BA0952 /* Frameworks */,
				FA19F4562AF1AEE600BA0952 /* Resources */,
			);
			buildRules = (
			);
			dependencies = (
			);
			name = 7CApp;
			packageProductDependencies = (
				FA19F4CC2AF376E900BA0952 /* Kingfisher */,
			);
			productName = 7CApp;
			productReference = FA19F4582AF1AEE600BA0952 /* 7CApp.app */;
			productType = "com.apple.product-type.application";
		};
/* End PBXNativeTarget section */

/* Begin PBXProject section */
		FA19F4502AF1AEE600BA0952 /* Project object */ = {
			isa = PBXProject;
			attributes = {
				BuildIndependentTargetsInParallel = 1;
				LastSwiftUpdateCheck = 1500;
				LastUpgradeCheck = 1500;
				TargetAttributes = {
					FA19F4572AF1AEE600BA0952 = {
						CreatedOnToolsVersion = 15.0;
					};
				};
			};
			buildConfigurationList = FA19F4532AF1AEE600BA0952 /* Build configuration list for PBXProject "7CApp" */;
			compatibilityVersion = "Xcode 14.0";
			developmentRegion = en;
			hasScannedForEncodings = 0;
			knownRegions = (
				en,
				Base,
			);
			mainGroup = FA19F44F2AF1AEE600BA0952;
			packageReferences = (
				FA19F4CB2AF376E900BA0952 /* XCRemoteSwiftPackageReference "Kingfisher" */,
			);
			productRefGroup = FA19F4592AF1AEE600BA0952 /* Products */;
			projectDirPath = "";
			projectRoot = "";
			targets = (
				FA19F4572AF1AEE600BA0952 /* 7CApp */,
			);
		};
/* End PBXProject section */

/* Begin PBXResourcesBuildPhase section */
		FA19F4562AF1AEE600BA0952 /* Resources */ = {
			isa = PBXResourcesBuildPhase;
			buildActionMask = 2147483647;
			files = (
				FA19F4942AF27FE900BA0952 /* Poppins-Light.ttf in Resources */,
				FA19F49D2AF27FE900BA0952 /* Poppins-Bold.ttf in Resources */,
				FA19F49A2AF27FE900BA0952 /* OFL.txt in Resources */,
				FA19F49B2AF27FE900BA0952 /* Poppins-Regular.ttf in Resources */,
				FA19F4682AF1AEE900BA0952 /* LaunchScreen.storyboard in Resources */,
				FA19F4652AF1AEE900BA0952 /* Assets.xcassets in Resources */,
			);
			runOnlyForDeploymentPostprocessing = 0;
		};
/* End PBXResourcesBuildPhase section */

/* Begin PBXSourcesBuildPhase section */
		FA19F4542AF1AEE600BA0952 /* Sources */ = {
			isa = PBXSourcesBuildPhase;
			buildActionMask = 2147483647;
			files = (
				FA19F4D42AF3935300BA0952 /* AdsCell.swift in Sources */,
				FA19F4CA2AF3643D00BA0952 /* SpinnerViewController.swift in Sources */,
				FA19F45C2AF1AEE600BA0952 /* AppDelegate.swift in Sources */,
				FA19F4AE2AF34D8900BA0952 /* HomeViewModel.swift in Sources */,
				FA19F4D82AF3973100BA0952 /* ProductsHeaderView.swift in Sources */,
				FA19F4B42AF34ED100BA0952 /* EndpointProtocol.swift in Sources */,
				FA19F4772AF2483100BA0952 /* HeaderView.swift in Sources */,
				FA19F4BD2AF3543000BA0952 /* HomeResponseModel.swift in Sources */,
				FA19F4C22AF35F0D00BA0952 /* ViewModelState.swift in Sources */,
				FA19F4BB2AF3520800BA0952 /* HomeModel.swift in Sources */,
				FA19F4732AF1B64300BA0952 /* CategoryThumbnailCell.swift in Sources */,
				FA19F4A82AF2B26100BA0952 /* TopCategoriesSection.swift in Sources */,
				FA19F45E2AF1AEE600BA0952 /* SceneDelegate.swift in Sources */,
				FA19F4B82AF351BD00BA0952 /* GetHomeEndPoint.swift in Sources */,
				FA19F47A2AF27B7D00BA0952 /* DesignSystem.swift in Sources */,
				FA19F4AA2AF2B63A00BA0952 /* SliderLayoutSection.swift in Sources */,
				FA19F4A52AF28C5C00BA0952 /* ProductCell.swift in Sources */,
				FA19F4712AF1B25E00BA0952 /* HomeViewController.swift in Sources */,
				FA19F4C72AF363BE00BA0952 /* LoadableProtocol.swift in Sources */,
				FA19F4C52AF361AB00BA0952 /* FailableProtocol.swift in Sources */,
				FA19F4B32AF34ED100BA0952 /* NetworkService.swift in Sources */,
				FA19F4AC2AF2B6DA00BA0952 /* ProductLayoutSection.swift in Sources */,
				FA19F4B52AF34ED100BA0952 /* APIError.swift in Sources */,
				FA19F4D02AF38E7700BA0952 /* StringExtension.swift in Sources */,
				FA19F4D22AF3917600BA0952 /* SliderCell.swift in Sources */,
				FA19F4D62AF393BD00BA0952 /* AdsLayoutSection.swift in Sources */,
				FA19F4BF2AF3559B00BA0952 /* TokensAndKeys.swift in Sources */,
			);
			runOnlyForDeploymentPostprocessing = 0;
		};
/* End PBXSourcesBuildPhase section */

/* Begin PBXVariantGroup section */
		FA19F4662AF1AEE900BA0952 /* LaunchScreen.storyboard */ = {
			isa = PBXVariantGroup;
			children = (
				FA19F4672AF1AEE900BA0952 /* Base */,
			);
			name = LaunchScreen.storyboard;
			sourceTree = "<group>";
		};
/* End PBXVariantGroup section */

/* Begin XCBuildConfiguration section */
		FA19F46A2AF1AEE900BA0952 /* Debug */ = {
			isa = XCBuildConfiguration;
			buildSettings = {
				ALWAYS_SEARCH_USER_PATHS = NO;
				ASSETCATALOG_COMPILER_GENERATE_SWIFT_ASSET_SYMBOL_EXTENSIONS = YES;
				CLANG_ANALYZER_NONNULL = YES;
				CLANG_ANALYZER_NUMBER_OBJECT_CONVERSION = YES_AGGRESSIVE;
				CLANG_CXX_LANGUAGE_STANDARD = "gnu++20";
				CLANG_ENABLE_MODULES = YES;
				CLANG_ENABLE_OBJC_ARC = YES;
				CLANG_ENABLE_OBJC_WEAK = YES;
				CLANG_WARN_BLOCK_CAPTURE_AUTORELEASING = YES;
				CLANG_WARN_BOOL_CONVERSION = YES;
				CLANG_WARN_COMMA = YES;
				CLANG_WARN_CONSTANT_CONVERSION = YES;
				CLANG_WARN_DEPRECATED_OBJC_IMPLEMENTATIONS = YES;
				CLANG_WARN_DIRECT_OBJC_ISA_USAGE = YES_ERROR;
				CLANG_WARN_DOCUMENTATION_COMMENTS = YES;
				CLANG_WARN_EMPTY_BODY = YES;
				CLANG_WARN_ENUM_CONVERSION = YES;
				CLANG_WARN_INFINITE_RECURSION = YES;
				CLANG_WARN_INT_CONVERSION = YES;
				CLANG_WARN_NON_LITERAL_NULL_CONVERSION = YES;
				CLANG_WARN_OBJC_IMPLICIT_RETAIN_SELF = YES;
				CLANG_WARN_OBJC_LITERAL_CONVERSION = YES;
				CLANG_WARN_OBJC_ROOT_CLASS = YES_ERROR;
				CLANG_WARN_QUOTED_INCLUDE_IN_FRAMEWORK_HEADER = YES;
				CLANG_WARN_RANGE_LOOP_ANALYSIS = YES;
				CLANG_WARN_STRICT_PROTOTYPES = YES;
				CLANG_WARN_SUSPICIOUS_MOVE = YES;
				CLANG_WARN_UNGUARDED_AVAILABILITY = YES_AGGRESSIVE;
				CLANG_WARN_UNREACHABLE_CODE = YES;
				CLANG_WARN__DUPLICATE_METHOD_MATCH = YES;
				COPY_PHASE_STRIP = NO;
				DEBUG_INFORMATION_FORMAT = dwarf;
				ENABLE_STRICT_OBJC_MSGSEND = YES;
				ENABLE_TESTABILITY = YES;
				ENABLE_USER_SCRIPT_SANDBOXING = YES;
				GCC_C_LANGUAGE_STANDARD = gnu17;
				GCC_DYNAMIC_NO_PIC = NO;
				GCC_NO_COMMON_BLOCKS = YES;
				GCC_OPTIMIZATION_LEVEL = 0;
				GCC_PREPROCESSOR_DEFINITIONS = (
					"DEBUG=1",
					"$(inherited)",
				);
				GCC_WARN_64_TO_32_BIT_CONVERSION = YES;
				GCC_WARN_ABOUT_RETURN_TYPE = YES_ERROR;
				GCC_WARN_UNDECLARED_SELECTOR = YES;
				GCC_WARN_UNINITIALIZED_AUTOS = YES_AGGRESSIVE;
				GCC_WARN_UNUSED_FUNCTION = YES;
				GCC_WARN_UNUSED_VARIABLE = YES;
				IPHONEOS_DEPLOYMENT_TARGET = 17.0;
				LOCALIZATION_PREFERS_STRING_CATALOGS = YES;
				MTL_ENABLE_DEBUG_INFO = INCLUDE_SOURCE;
				MTL_FAST_MATH = YES;
				ONLY_ACTIVE_ARCH = YES;
				SDKROOT = iphoneos;
				SWIFT_ACTIVE_COMPILATION_CONDITIONS = "DEBUG $(inherited)";
				SWIFT_OPTIMIZATION_LEVEL = "-Onone";
			};
			name = Debug;
		};
		FA19F46B2AF1AEE900BA0952 /* Release */ = {
			isa = XCBuildConfiguration;
			buildSettings = {
				ALWAYS_SEARCH_USER_PATHS = NO;
				ASSETCATALOG_COMPILER_GENERATE_SWIFT_ASSET_SYMBOL_EXTENSIONS = YES;
				CLANG_ANALYZER_NONNULL = YES;
				CLANG_ANALYZER_NUMBER_OBJECT_CONVERSION = YES_AGGRESSIVE;
				CLANG_CXX_LANGUAGE_STANDARD = "gnu++20";
				CLANG_ENABLE_MODULES = YES;
				CLANG_ENABLE_OBJC_ARC = YES;
				CLANG_ENABLE_OBJC_WEAK = YES;
				CLANG_WARN_BLOCK_CAPTURE_AUTORELEASING = YES;
				CLANG_WARN_BOOL_CONVERSION = YES;
				CLANG_WARN_COMMA = YES;
				CLANG_WARN_CONSTANT_CONVERSION = YES;
				CLANG_WARN_DEPRECATED_OBJC_IMPLEMENTATIONS = YES;
				CLANG_WARN_DIRECT_OBJC_ISA_USAGE = YES_ERROR;
				CLANG_WARN_DOCUMENTATION_COMMENTS = YES;
				CLANG_WARN_EMPTY_BODY = YES;
				CLANG_WARN_ENUM_CONVERSION = YES;
				CLANG_WARN_INFINITE_RECURSION = YES;
				CLANG_WARN_INT_CONVERSION = YES;
				CLANG_WARN_NON_LITERAL_NULL_CONVERSION = YES;
				CLANG_WARN_OBJC_IMPLICIT_RETAIN_SELF = YES;
				CLANG_WARN_OBJC_LITERAL_CONVERSION = YES;
				CLANG_WARN_OBJC_ROOT_CLASS = YES_ERROR;
				CLANG_WARN_QUOTED_INCLUDE_IN_FRAMEWORK_HEADER = YES;
				CLANG_WARN_RANGE_LOOP_ANALYSIS = YES;
				CLANG_WARN_STRICT_PROTOTYPES = YES;
				CLANG_WARN_SUSPICIOUS_MOVE = YES;
				CLANG_WARN_UNGUARDED_AVAILABILITY = YES_AGGRESSIVE;
				CLANG_WARN_UNREACHABLE_CODE = YES;
				CLANG_WARN__DUPLICATE_METHOD_MATCH = YES;
				COPY_PHASE_STRIP = NO;
				DEBUG_INFORMATION_FORMAT = "dwarf-with-dsym";
				ENABLE_NS_ASSERTIONS = NO;
				ENABLE_STRICT_OBJC_MSGSEND = YES;
				ENABLE_USER_SCRIPT_SANDBOXING = YES;
				GCC_C_LANGUAGE_STANDARD = gnu17;
				GCC_NO_COMMON_BLOCKS = YES;
				GCC_WARN_64_TO_32_BIT_CONVERSION = YES;
				GCC_WARN_ABOUT_RETURN_TYPE = YES_ERROR;
				GCC_WARN_UNDECLARED_SELECTOR = YES;
				GCC_WARN_UNINITIALIZED_AUTOS = YES_AGGRESSIVE;
				GCC_WARN_UNUSED_FUNCTION = YES;
				GCC_WARN_UNUSED_VARIABLE = YES;
				IPHONEOS_DEPLOYMENT_TARGET = 17.0;
				LOCALIZATION_PREFERS_STRING_CATALOGS = YES;
				MTL_ENABLE_DEBUG_INFO = NO;
				MTL_FAST_MATH = YES;
				SDKROOT = iphoneos;
				SWIFT_COMPILATION_MODE = wholemodule;
				VALIDATE_PRODUCT = YES;
			};
			name = Release;
		};
		FA19F46D2AF1AEE900BA0952 /* Debug */ = {
			isa = XCBuildConfiguration;
			buildSettings = {
				ASSETCATALOG_COMPILER_APPICON_NAME = AppIcon;
				ASSETCATALOG_COMPILER_GLOBAL_ACCENT_COLOR_NAME = AccentColor;
				CODE_SIGN_STYLE = Automatic;
				CURRENT_PROJECT_VERSION = 1;
				GENERATE_INFOPLIST_FILE = YES;
				INFOPLIST_FILE = 7CApp/Info.plist;
				INFOPLIST_KEY_UIApplicationSupportsIndirectInputEvents = YES;
				INFOPLIST_KEY_UILaunchStoryboardName = LaunchScreen;
				INFOPLIST_KEY_UISupportedInterfaceOrientations_iPad = "UIInterfaceOrientationPortrait UIInterfaceOrientationPortraitUpsideDown UIInterfaceOrientationLandscapeLeft UIInterfaceOrientationLandscapeRight";
				INFOPLIST_KEY_UISupportedInterfaceOrientations_iPhone = "UIInterfaceOrientationPortrait UIInterfaceOrientationLandscapeLeft UIInterfaceOrientationLandscapeRight";
				LD_RUNPATH_SEARCH_PATHS = (
					"$(inherited)",
					"@executable_path/Frameworks",
				);
				MARKETING_VERSION = 1.0;
				PRODUCT_BUNDLE_IDENTIFIER = "MohamedElsayed.-CApp";
				PRODUCT_NAME = "$(TARGET_NAME)";
				SWIFT_EMIT_LOC_STRINGS = YES;
				SWIFT_VERSION = 5.0;
				TARGETED_DEVICE_FAMILY = "1,2";
			};
			name = Debug;
		};
		FA19F46E2AF1AEE900BA0952 /* Release */ = {
			isa = XCBuildConfiguration;
			buildSettings = {
				ASSETCATALOG_COMPILER_APPICON_NAME = AppIcon;
				ASSETCATALOG_COMPILER_GLOBAL_ACCENT_COLOR_NAME = AccentColor;
				CODE_SIGN_STYLE = Automatic;
				CURRENT_PROJECT_VERSION = 1;
				GENERATE_INFOPLIST_FILE = YES;
				INFOPLIST_FILE = 7CApp/Info.plist;
				INFOPLIST_KEY_UIApplicationSupportsIndirectInputEvents = YES;
				INFOPLIST_KEY_UILaunchStoryboardName = LaunchScreen;
				INFOPLIST_KEY_UISupportedInterfaceOrientations_iPad = "UIInterfaceOrientationPortrait UIInterfaceOrientationPortraitUpsideDown UIInterfaceOrientationLandscapeLeft UIInterfaceOrientationLandscapeRight";
				INFOPLIST_KEY_UISupportedInterfaceOrientations_iPhone = "UIInterfaceOrientationPortrait UIInterfaceOrientationLandscapeLeft UIInterfaceOrientationLandscapeRight";
				LD_RUNPATH_SEARCH_PATHS = (
					"$(inherited)",
					"@executable_path/Frameworks",
				);
				MARKETING_VERSION = 1.0;
				PRODUCT_BUNDLE_IDENTIFIER = "MohamedElsayed.-CApp";
				PRODUCT_NAME = "$(TARGET_NAME)";
				SWIFT_EMIT_LOC_STRINGS = YES;
				SWIFT_VERSION = 5.0;
				TARGETED_DEVICE_FAMILY = "1,2";
			};
			name = Release;
		};
/* End XCBuildConfiguration section */

/* Begin XCConfigurationList section */
		FA19F4532AF1AEE600BA0952 /* Build configuration list for PBXProject "7CApp" */ = {
			isa = XCConfigurationList;
			buildConfigurations = (
				FA19F46A2AF1AEE900BA0952 /* Debug */,
				FA19F46B2AF1AEE900BA0952 /* Release */,
			);
			defaultConfigurationIsVisible = 0;
			defaultConfigurationName = Release;
		};
		FA19F46C2AF1AEE900BA0952 /* Build configuration list for PBXNativeTarget "7CApp" */ = {
			isa = XCConfigurationList;
			buildConfigurations = (
				FA19F46D2AF1AEE900BA0952 /* Debug */,
				FA19F46E2AF1AEE900BA0952 /* Release */,
			);
			defaultConfigurationIsVisible = 0;
			defaultConfigurationName = Release;
		};
/* End XCConfigurationList section */

/* Begin XCRemoteSwiftPackageReference section */
		FA19F4CB2AF376E900BA0952 /* XCRemoteSwiftPackageReference "Kingfisher" */ = {
			isa = XCRemoteSwiftPackageReference;
			repositoryURL = "https://github.com/onevcat/Kingfisher";
			requirement = {
				kind = exactVersion;
				version = 7.10.0;
			};
		};
/* End XCRemoteSwiftPackageReference section */

/* Begin XCSwiftPackageProductDependency section */
		FA19F4CC2AF376E900BA0952 /* Kingfisher */ = {
			isa = XCSwiftPackageProductDependency;
			package = FA19F4CB2AF376E900BA0952 /* XCRemoteSwiftPackageReference "Kingfisher" */;
			productName = Kingfisher;
		};
/* End XCSwiftPackageProductDependency section */
	};
	rootObject = FA19F4502AF1AEE600BA0952 /* Project object */;
}
